
Microsoft Visual Studio Solution File, Format Version 12.00
# Visual Studio Version 16
VisualStudioVersion = 16.0.31729.503
MinimumVisualStudioVersion = 10.0.40219.1
Project("{FAE04EC0-301F-11D3-BF4B-00C04F79EFBC}") = "Diversions", "Diversions\Diversions.csproj", "{0F7DB95F-8794-4C8A-AF27-209BEB6F90A7}"
EndProject
Project("{FAE04EC0-301F-11D3-BF4B-00C04F79EFBC}") = "Diversions.Mvvm", "Diversions.Mvvm\Diversions.Mvvm.csproj", "{EE821AA4-1F52-45D9-B70C-B1B040B66F23}"
EndProject
Project("{9A19103F-16F7-4668-BE54-9A1E7A4F7556}") = "Diversions.Common", "Diversions.Common\Diversions.Common.csproj", "{1288CD4A-FF87-4704-A012-DE64AB850F17}"
EndProject
Global
	GlobalSection(SolutionConfigurationPlatforms) = preSolution
		Debug|Any CPU = Debug|Any CPU
		Release|Any CPU = Release|Any CPU
	EndGlobalSection
	GlobalSection(ProjectConfigurationPlatforms) = postSolution
		{0F7DB95F-8794-4C8A-AF27-209BEB6F90A7}.Debug|Any CPU.ActiveCfg = Debug|Any CPU
		{0F7DB95F-8794-4C8A-AF27-209BEB6F90A7}.Debug|Any CPU.Build.0 = Debug|Any CPU
		{0F7DB95F-8794-4C8A-AF27-209BEB6F90A7}.Release|Any CPU.ActiveCfg = Release|Any CPU
		{0F7DB95F-8794-4C8A-AF27-209BEB6F90A7}.Release|Any CPU.Build.0 = Release|Any CPU
		{EE821AA4-1F52-45D9-B70C-B1B040B66F23}.Debug|Any CPU.ActiveCfg = Debug|Any CPU
		{EE821AA4-1F52-45D9-B70C-B1B040B66F23}.Debug|Any CPU.Build.0 = Debug|Any CPU
		{EE821AA4-1F52-45D9-B70C-B1B040B66F23}.Release|Any CPU.ActiveCfg = Release|Any CPU
		{EE821AA4-1F52-45D9-B70C-B1B040B66F23}.Release|Any CPU.Build.0 = Release|Any CPU
		{1288CD4A-FF87-4704-A012-DE64AB850F17}.Debug|Any CPU.ActiveCfg = Debug|Any CPU
		{1288CD4A-FF87-4704-A012-DE64AB850F17}.Debug|Any CPU.Build.0 = Debug|Any CPU
		{1288CD4A-FF87-4704-A012-DE64AB850F17}.Release|Any CPU.ActiveCfg = Release|Any CPU
		{1288CD4A-FF87-4704-A012-DE64AB850F17}.Release|Any CPU.Build.0 = Release|Any CPU
	EndGlobalSection
	GlobalSection(SolutionProperties) = preSolution
		HideSolutionNode = FALSE
	EndGlobalSection
	GlobalSection(ExtensibilityGlobals) = postSolution
		SolutionGuid = {814F6694-E885-4084-9057-2FC3AC67E186}
	EndGlobalSection
EndGlobal
